<?xml version="1.0" encoding="utf-8"?>
<Project ToolsVersion="4.0" xmlns="http://schemas.microsoft.com/developer/msbuild/2003">
  <ItemGroup>
    <Filter Include="Source Files">
      <UniqueIdentifier>{4FC737F1-C7A5-4376-A066-2A32D752A2FF}</UniqueIdentifier>
      <Extensions>cpp;c;cc;cxx;def;odl;idl;hpj;bat;asm;asmx</Extensions>
    </Filter>
    <Filter Include="Header Files">
      <UniqueIdentifier>{93995380-89BD-4b04-88EB-625FBE52EBFB}</UniqueIdentifier>
      <Extensions>h;hh;hpp;hxx;hm;inl;inc;xsd</Extensions>
    </Filter>
    <Filter Include="Resource Files">
      <UniqueIdentifier>{67DA6AB6-F800-4c08-8B7A-83BB121AAD01}</UniqueIdentifier>
      <Extensions>rc;ico;cur;bmp;dlg;rc2;rct;bin;rgs;gif;jpg;jpeg;jpe;resx;tiff;tif;png;wav</Extensions>
    </Filter>
  </ItemGroup>
  <ItemGroup>
    <ClCompile Include="main.cpp">
      <Filter>Source Files</Filter>
    </ClCompile>
    <ClCompile Include="domain\account\AccountHandler.cpp">
      <Filter>Source Files</Filter>
    </ClCompile>
    <ClCompile Include="domain\order\OrderHandler.cpp">
      <Filter>Source Files</Filter>
    </ClCompile>
    <ClCompile Include="domain\session\SessionHandler.cpp">
      <Filter>Source Files</Filter>
    </ClCompile>
    <ClCompile Include="domain\shoppingcart\ShoppingCartHandler.cpp">
      <Filter>Source Files</Filter>
    </ClCompile>
    <ClCompile Include="technicalservices\logging\LoggerHandler.cpp">
      <Filter>Source Files</Filter>
    </ClCompile>
    <ClCompile Include="technicalservices\payment\PaymentHandler.cpp">
      <Filter>Source Files</Filter>
    </ClCompile>
    <ClCompile Include="technicalservices\persistence\PersistenceHandler.cpp">
      <Filter>Source Files</Filter>
    </ClCompile>
    <ClCompile Include="technicalservices\persistence\SimpleDB.cpp">
      <Filter>Source Files</Filter>
    </ClCompile>
    <ClCompile Include="ui\SimpleUI.cpp">
      <Filter>Source Files</Filter>
    </ClCompile>
    <ClCompile Include="ui\SystemDriverUI.cpp">
      <Filter>Source Files</Filter>
    </ClCompile>
    <ClCompile Include="ui\UserInterfaceHandler.cpp">
      <Filter>Source Files</Filter>
    </ClCompile>
  </ItemGroup>
  <ItemGroup>
    <ClInclude Include="domain\account\AccountHandler.hpp">
      <Filter>Header Files</Filter>
    </ClInclude>
    <ClInclude Include="domain\account\CustomerAccount.hpp">
      <Filter>Header Files</Filter>
    </ClInclude>
    <ClInclude Include="domain\account\Reward.hpp">
      <Filter>Header Files</Filter>
    </ClInclude>
    <ClInclude Include="domain\account\RewardDescription.hpp">
      <Filter>Header Files</Filter>
    </ClInclude>
    <ClInclude Include="domain\order\CustomerOrder.hpp">
      <Filter>Header Files</Filter>
    </ClInclude>
    <ClInclude Include="domain\order\OrderHandler.hpp">
      <Filter>Header Files</Filter>
    </ClInclude>
    <ClInclude Include="domain\session\CustomerSession.hpp">
      <Filter>Header Files</Filter>
    </ClInclude>
    <ClInclude Include="domain\session\SessionHandler.hpp">
      <Filter>Header Files</Filter>
    </ClInclude>
    <ClInclude Include="domain\shoppingcart\CustomerShoppingCart.hpp">
      <Filter>Header Files</Filter>
    </ClInclude>
    <ClInclude Include="domain\shoppingcart\Product.hpp">
      <Filter>Header Files</Filter>
    </ClInclude>
    <ClInclude Include="domain\shoppingcart\ProductDescription.hpp">
      <Filter>Header Files</Filter>
    </ClInclude>
    <ClInclude Include="domain\shoppingcart\ShoppingCartHandler.hpp">
      <Filter>Header Files</Filter>
    </ClInclude>
    <ClInclude Include="technicalservices\logging\LoggerHandler.hpp">
      <Filter>Header Files</Filter>
    </ClInclude>
    <ClInclude Include="technicalservices\logging\SimpleLogger.hpp">
      <Filter>Header Files</Filter>
    </ClInclude>
    <ClInclude Include="technicalservices\payment\AmericanExpressPayment.hpp">
      <Filter>Header Files</Filter>
    </ClInclude>
    <ClInclude Include="technicalservices\payment\PaymentHandler.hpp">
      <Filter>Header Files</Filter>
    </ClInclude>
    <ClInclude Include="technicalservices\payment\VisaPayment.hpp">
      <Filter>Header Files</Filter>
    </ClInclude>
    <ClInclude Include="technicalservices\persistence\PersistenceHandler.hpp">
      <Filter>Header Files</Filter>
    </ClInclude>
    <ClInclude Include="technicalservices\persistence\SimpleDB.hpp">
      <Filter>Header Files</Filter>
    </ClInclude>
    <ClInclude Include="ui\SimpleUI.hpp">
      <Filter>Header Files</Filter>
    </ClInclude>
    <ClInclude Include="ui\SystemDriverUI.hpp">
      <Filter>Header Files</Filter>
    </ClInclude>
    <ClInclude Include="ui\UserInterfaceHandler.hpp">
      <Filter>Header Files</Filter>
    </ClInclude>
  </ItemGroup>
</Project>